
Microsoft Visual Studio Solution File, Format Version 12.00
# Visual Studio Version 16
VisualStudioVersion = 16.0.31729.503
MinimumVisualStudioVersion = 10.0.40219.1
Project("{FAE04EC0-301F-11D3-BF4B-00C04F79EFBC}") = "AutoGlass", "AutoGlass\AutoGlass.csproj", "{D709AB1B-F892-45AB-9765-AD3D9DEBB53C}"
EndProject
Global
	GlobalSection(SolutionConfigurationPlatforms) = preSolution
		Debug|Any CPU = Debug|Any CPU
		Release|Any CPU = Release|Any CPU
	EndGlobalSection
	GlobalSection(ProjectConfigurationPlatforms) = postSolution
		{D709AB1B-F892-45AB-9765-AD3D9DEBB53C}.Debug|Any CPU.ActiveCfg = Debug|Any CPU
		{D709AB1B-F892-45AB-9765-AD3D9DEBB53C}.Debug|Any CPU.Build.0 = Debug|Any CPU
		{D709AB1B-F892-45AB-9765-AD3D9DEBB53C}.Release|Any CPU.ActiveCfg = Release|Any CPU
		{D709AB1B-F892-45AB-9765-AD3D9DEBB53C}.Release|Any CPU.Build.0 = Release|Any CPU
	EndGlobalSection
	GlobalSection(SolutionProperties) = preSolution
		HideSolutionNode = FALSE
	EndGlobalSection
	GlobalSection(ExtensibilityGlobals) = postSolution
		SolutionGuid = {75727FDB-D088-4BB6-A83F-471D291EBF0D}
	EndGlobalSection
EndGlobal
